
Microsoft Visual Studio Solution File, Format Version 12.00
# Visual Studio Version 17
VisualStudioVersion = 17.13.35919.96 d17.13
MinimumVisualStudioVersion = 10.0.40219.1
Project("{FAE04EC0-301F-11D3-BF4B-00C04F79EFBC}") = "VehicleManager", "VehicleManager\VehicleManager.csproj", "{5922B4E9-896B-429F-AE58-063454A92879}"
EndProject
Global
	GlobalSection(SolutionConfigurationPlatforms) = preSolution
		Debug|Any CPU = Debug|Any CPU
		Release|Any CPU = Release|Any CPU
	EndGlobalSection
	GlobalSection(ProjectConfigurationPlatforms) = postSolution
		{5922B4E9-896B-429F-AE58-063454A92879}.Debug|Any CPU.ActiveCfg = Debug|Any CPU
		{5922B4E9-896B-429F-AE58-063454A92879}.Debug|Any CPU.Build.0 = Debug|Any CPU
		{5922B4E9-896B-429F-AE58-063454A92879}.Release|Any CPU.ActiveCfg = Release|Any CPU
		{5922B4E9-896B-429F-AE58-063454A92879}.Release|Any CPU.Build.0 = Release|Any CPU
	EndGlobalSection
	GlobalSection(SolutionProperties) = preSolution
		HideSolutionNode = FALSE
	EndGlobalSection
	GlobalSection(ExtensibilityGlobals) = postSolution
		SolutionGuid = {6FAD703D-7C68-4555-8B10-29A898297890}
	EndGlobalSection
EndGlobal
